{
  "name": "PrimeBlazor",
  "lockfileVersion": 2,
  "requires": true,
  "packages": {
    "": {
      "devDependencies": {
        "fullcalendar": "^6.1.10"
      }
    },
    "node_modules/@fullcalendar/core": {
      "version": "6.1.10",
      "resolved": "https://registry.npmjs.org/@fullcalendar/core/-/core-6.1.10.tgz",
      "integrity": "sha512-oTXGJSAGpCf1oY+CKp5qYjMHkJCPBkJ3SHitl63n8Q6xKeiwQ4EF6Au451euUovREwJpLmD1AyZrCnWmtB9AVg==",
      "dev": true,
      "dependencies": {
        "preact": "~10.12.1"
      }
    },
    "node_modules/@fullcalendar/daygrid": {
      "version": "6.1.10",
      "resolved": "https://registry.npmjs.org/@fullcalendar/daygrid/-/daygrid-6.1.10.tgz",
      "integrity": "sha512-Z4GRm1IyHKgxXFTWGcEI0nTsvYOIkpE0aMt3/o3ER2SZkF+hfwcDFhtj0c9+WhMjXFIWYeoTnA9rUOY7Zl/nxA==",
      "dev": true,
      "peerDependencies": {
        "@fullcalendar/core": "~6.1.10"
      }
    },
    "node_modules/@fullcalendar/interaction": {
      "version": "6.1.10",
      "resolved": "https://registry.npmjs.org/@fullcalendar/interaction/-/interaction-6.1.10.tgz",
      "integrity": "sha512-aZRlwCpmDasq2RNeWV0ub20Uevare9Cb6iMlxCacx0fhOC14H28G9d1FsduJIecInL84SPGwt5ItqAYMsWv7zw==",
      "dev": true,
      "peerDependencies": {
        "@fullcalendar/core": "~6.1.10"
      }
    },
    "node_modules/@fullcalendar/list": {
      "version": "6.1.10",
      "resolved": "https://registry.npmjs.org/@fullcalendar/list/-/list-6.1.10.tgz",
      "integrity": "sha512-WE4vuSUCzol4tJd0ZP0cNxeyRPaZcsVVYs2I3qdf3OZQkXwDCdSyWEz0Hluf+XZWcZXt21aEYKlxRjwUpQcf4Q==",
      "dev": true,
      "peerDependencies": {
        "@fullcalendar/core": "~6.1.10"
      }
    },
    "node_modules/@fullcalendar/multimonth": {
      "version": "6.1.10",
      "resolved": "https://registry.npmjs.org/@fullcalendar/multimonth/-/multimonth-6.1.10.tgz",
      "integrity": "sha512-mLGEgD+sv8rNfKphyOCWRQapX7/nAvHgQmDTjuy4STlhHsddCYVmFlsSgF373ph1tXh41wAJUVdNO/pDmCvUfA==",
      "dev": true,
      "dependencies": {
        "@fullcalendar/daygrid": "~6.1.10"
      },
      "peerDependencies": {
        "@fullcalendar/core": "~6.1.10"
      }
    },
    "node_modules/@fullcalendar/timegrid": {
      "version": "6.1.10",
      "resolved": "https://registry.npmjs.org/@fullcalendar/timegrid/-/timegrid-6.1.10.tgz",
      "integrity": "sha512-hFKyQXJaPbNyq1reZmvkCmM64O99krHoIcJAbDS+dntCm3FzZUcDtAcRKIbMiantHrezCG/1MEYk3m9e3aKvIQ==",
      "dev": true,
      "dependencies": {
        "@fullcalendar/daygrid": "~6.1.10"
      },
      "peerDependencies": {
        "@fullcalendar/core": "~6.1.10"
      }
    },
    "node_modules/fullcalendar": {
      "version": "6.1.10",
      "resolved": "https://registry.npmjs.org/fullcalendar/-/fullcalendar-6.1.10.tgz",
      "integrity": "sha512-JVka6cf3s90vKY221Xa2V8sq42J9SRYxbUILy+o2mIAzG4BqCNLPLr9uBTDtAf7eK3bNhqohnlofRzVBX0BPMw==",
      "dev": true,
      "dependencies": {
        "@fullcalendar/core": "~6.1.10",
        "@fullcalendar/daygrid": "~6.1.10",
        "@fullcalendar/interaction": "~6.1.10",
        "@fullcalendar/list": "~6.1.10",
        "@fullcalendar/multimonth": "~6.1.10",
        "@fullcalendar/timegrid": "~6.1.10"
      }
    },
    "node_modules/preact": {
      "version": "10.12.1",
      "resolved": "https://registry.npmjs.org/preact/-/preact-10.12.1.tgz",
      "integrity": "sha512-l8386ixSsBdbreOAkqtrwqHwdvR35ID8c3rKPa8lCWuO86dBi32QWHV4vfsZK1utLLFMvw+Z5Ad4XLkZzchscg==",
      "dev": true,
      "funding": {
        "type": "opencollective",
        "url": "https://opencollective.com/preact"
      }
    }
  },
  "dependencies": {
    "@fullcalendar/core": {
      "version": "6.1.10",
      "resolved": "https://registry.npmjs.org/@fullcalendar/core/-/core-6.1.10.tgz",
      "integrity": "sha512-oTXGJSAGpCf1oY+CKp5qYjMHkJCPBkJ3SHitl63n8Q6xKeiwQ4EF6Au451euUovREwJpLmD1AyZrCnWmtB9AVg==",
      "dev": true,
      "requires": {
        "preact": "~10.12.1"
      }
    },
    "@fullcalendar/daygrid": {
      "version": "6.1.10",
      "resolved": "https://registry.npmjs.org/@fullcalendar/daygrid/-/daygrid-6.1.10.tgz",
      "integrity": "sha512-Z4GRm1IyHKgxXFTWGcEI0nTsvYOIkpE0aMt3/o3ER2SZkF+hfwcDFhtj0c9+WhMjXFIWYeoTnA9rUOY7Zl/nxA==",
      "dev": true,
      "requires": {}
    },
    "@fullcalendar/interaction": {
      "version": "6.1.10",
      "resolved": "https://registry.npmjs.org/@fullcalendar/interaction/-/interaction-6.1.10.tgz",
      "integrity": "sha512-aZRlwCpmDasq2RNeWV0ub20Uevare9Cb6iMlxCacx0fhOC14H28G9d1FsduJIecInL84SPGwt5ItqAYMsWv7zw==",
      "dev": true,
      "requires": {}
    },
    "@fullcalendar/list": {
      "version": "6.1.10",
      "resolved": "https://registry.npmjs.org/@fullcalendar/list/-/list-6.1.10.tgz",
      "integrity": "sha512-WE4vuSUCzol4tJd0ZP0cNxeyRPaZcsVVYs2I3qdf3OZQkXwDCdSyWEz0Hluf+XZWcZXt21aEYKlxRjwUpQcf4Q==",
      "dev": true,
      "requires": {}
    },
    "@fullcalendar/multimonth": {
      "version": "6.1.10",
      "resolved": "https://registry.npmjs.org/@fullcalendar/multimonth/-/multimonth-6.1.10.tgz",
      "integrity": "sha512-mLGEgD+sv8rNfKphyOCWRQapX7/nAvHgQmDTjuy4STlhHsddCYVmFlsSgF373ph1tXh41wAJUVdNO/pDmCvUfA==",
      "dev": true,
      "requires": {
        "@fullcalendar/daygrid": "~6.1.10"
      }
    },
    "@fullcalendar/timegrid": {
      "version": "6.1.10",
      "resolved": "https://registry.npmjs.org/@fullcalendar/timegrid/-/timegrid-6.1.10.tgz",
      "integrity": "sha512-hFKyQXJaPbNyq1reZmvkCmM64O99krHoIcJAbDS+dntCm3FzZUcDtAcRKIbMiantHrezCG/1MEYk3m9e3aKvIQ==",
      "dev": true,
      "requires": {
        "@fullcalendar/daygrid": "~6.1.10"
      }
    },
    "fullcalendar": {
      "version": "6.1.10",
      "resolved": "https://registry.npmjs.org/fullcalendar/-/fullcalendar-6.1.10.tgz",
      "integrity": "sha512-JVka6cf3s90vKY221Xa2V8sq42J9SRYxbUILy+o2mIAzG4BqCNLPLr9uBTDtAf7eK3bNhqohnlofRzVBX0BPMw==",
      "dev": true,
      "requires": {
        "@fullcalendar/core": "~6.1.10",
        "@fullcalendar/daygrid": "~6.1.10",
        "@fullcalendar/interaction": "~6.1.10",
        "@fullcalendar/list": "~6.1.10",
        "@fullcalendar/multimonth": "~6.1.10",
        "@fullcalendar/timegrid": "~6.1.10"
      }
    },
    "preact": {
      "version": "10.12.1",
      "resolved": "https://registry.npmjs.org/preact/-/preact-10.12.1.tgz",
      "integrity": "sha512-l8386ixSsBdbreOAkqtrwqHwdvR35ID8c3rKPa8lCWuO86dBi32QWHV4vfsZK1utLLFMvw+Z5Ad4XLkZzchscg==",
      "dev": true
    }
  }
}
