
Microsoft Visual Studio Solution File, Format Version 12.00
# Visual Studio Version 17
VisualStudioVersion = 17.9.34407.89
MinimumVisualStudioVersion = 10.0.40219.1
Project("{FAE04EC0-301F-11D3-BF4B-00C04F79EFBC}") = "PrimeBlazorDoc", "PrimeBlazorDoc\PrimeBlazorDoc.csproj", "{78584F7F-D5C3-4581-9EFB-267EB03F2130}"
EndProject
Global
	GlobalSection(SolutionConfigurationPlatforms) = preSolution
		Debug|Any CPU = Debug|Any CPU
		Release|Any CPU = Release|Any CPU
	EndGlobalSection
	GlobalSection(ProjectConfigurationPlatforms) = postSolution
		{78584F7F-D5C3-4581-9EFB-267EB03F2130}.Debug|Any CPU.ActiveCfg = Debug|Any CPU
		{78584F7F-D5C3-4581-9EFB-267EB03F2130}.Debug|Any CPU.Build.0 = Debug|Any CPU
		{78584F7F-D5C3-4581-9EFB-267EB03F2130}.Release|Any CPU.ActiveCfg = Release|Any CPU
		{78584F7F-D5C3-4581-9EFB-267EB03F2130}.Release|Any CPU.Build.0 = Release|Any CPU
	EndGlobalSection
	GlobalSection(SolutionProperties) = preSolution
		HideSolutionNode = FALSE
	EndGlobalSection
	GlobalSection(ExtensibilityGlobals) = postSolution
		SolutionGuid = {E746EFBF-89A4-423A-91AB-EE56CD680053}
	EndGlobalSection
EndGlobal
